version = 1
revision = 3
requires-python = ">=3.14"

[[package]]
name = "bleak"
version = "3.0.2"
source = { registry = "https://pypi.org/simple" }
dependencies = [
    { name = "dbus-fast", marker = "sys_platform == 'linux'" },
    { name = "pyobjc-core", marker = "sys_platform == 'darwin'" },
    { name = "pyobjc-framework-corebluetooth", marker = "sys_platform == 'darwin'" },
    { name = "pyobjc-framework-libdispatch", marker = "sys_platform == 'darwin'" },
    { name = "winrt-runtime", marker = "sys_platform == 'win32'" },
    { name = "winrt-windows-devices-bluetooth", marker = "sys_platform == 'win32'" },
    { name = "winrt-windows-devices-bluetooth-advertisement", marker = "sys_platform == 'win32'" },
    { name = "winrt-windows-devices-bluetooth-genericattributeprofile", marker = "sys_platform == 'win32'" },
    { name = "winrt-windows-devices-enumeration", marker = "sys_platform == 'win32'" },
    { name = "winrt-windows-devices-radios", marker = "sys_platform == 'win32'" },
    { name = "winrt-windows-foundation", marker = "sys_platform == 'win32'" },
    { name = "winrt-windows-foundation-collections", marker = "sys_platform == 'win32'" },
    { name = "winrt-windows-storage-streams", marker = "sys_platform == 'win32'" },
]
sdist = { url = "https://files.pythonhosted.org/packages/16/df/05a3f80ca8e3f7f5b0dba68a9e618147c909ccdba1468f07487dc8d72a9d/bleak-3.0.2.tar.gz", hash = "sha256:c2229cb8238d5876b4bd05c74bf7a1aea1f88da39d2e51ac9dfd5cc319d5265f", size = 125293, upload-time = "2026-05-02T23:01:04.066Z" }
wheels = [
    { url = "https://files.pythonhosted.org/packages/26/54/05aceb9cd80073805b3ed8522e3196e8cb22f70e741873fa51406c31f4e7/bleak-3.0.2-py3-none-any.whl", hash = "sha256:39092feb9e83f1df5ad2f88e837723c7211c982ce9e9cda6235104bc2ebe0d0d", size = 146490, upload-time = "2026-05-02T23:01:02.592Z" },
]

[[package]]
name = "dbus-fast"
version = "5.0.1"
source = { registry = "https://pypi.org/simple" }
sdist = { url = "https://files.pythonhosted.org/packages/69/be/7a15d4ae5c513f91e2f05d0a94c09a05455dd649ddccbe8bcefe410e02db/dbus_fast-5.0.1.tar.gz", hash = "sha256:31462144bb7c0afa531810d17517135bc4b7c08d208497c4cb595d755baecd1a", size = 79163, upload-time = "2026-05-20T13:42:27.921Z" }
wheels = [
    { url = "https://files.pythonhosted.org/packages/a5/54/02e0843f99c366e8bbe3df6d68a6af1070f0610772c2e0b91ee82ba5b83f/dbus_fast-5.0.1-cp314-cp314-manylinux2014_aarch64.manylinux_2_17_aarch64.manylinux_2_28_aarch64.whl", hash = "sha256:98900f4dfd28df42f44ea484c08394e67cda8d0658cb697e9d83846cf3c5214b", size = 806463, upload-time = "2026-05-20T13:51:15.255Z" },
    { url = "https://files.pythonhosted.org/packages/68/e7/631139d8401e961f6654daae6ec1f4ec7ac00ded1ac028c213441067a8b7/dbus_fast-5.0.1-cp314-cp314-manylinux2014_x86_64.manylinux_2_17_x86_64.manylinux_2_28_x86_64.whl", hash = "sha256:fb77da990240f56e1e01bae2c2eb871e8b1b0b28458e4e359160a97f14dfb8b4", size = 848201, upload-time = "2026-05-20T13:51:17.037Z" },
    { url = "https://files.pythonhosted.org/packages/1c/e6/c503280132c98aa4e22ee1188f194cd5badef0e6f4d021ee25cea58ee0b2/dbus_fast-5.0.1-cp314-cp314-manylinux_2_31_riscv64.manylinux_2_39_riscv64.whl", hash = "sha256:46f9a16d13ad713e2889d9178e8a428b8ae5fa993503c7ca445c9367ba002800", size = 827211, upload-time = "2026-05-20T13:51:18.856Z" },
    { url = "https://files.pythonhosted.org/packages/ef/41/97aceb1578390302a9a9a7a5cb50889ccd5451cd86f19cba25a925e16a51/dbus_fast-5.0.1-cp314-cp314-manylinux_2_41_x86_64.whl", hash = "sha256:44caa5d9c63ab3a151ebd21561171e262b3c736c040d952de4f2c2f34cbdfbdf", size = 846398, upload-time = "2026-05-20T13:42:25.462Z" },
    { url = "https://files.pythonhosted.org/packages/09/69/79949ded986d2d085021e4b1a1326c4b9126110ee2d7def343b6464c07ad/dbus_fast-5.0.1-cp314-cp314-musllinux_1_2_aarch64.whl", hash = "sha256:edc2351be4ac6ca9408063e49b715e4d9a8094b2624892124ac8067e73c286b6", size = 813605, upload-time = "2026-05-20T13:51:20.522Z" },
    { url = "https://files.pythonhosted.org/packages/2e/a2/b9d3ad480952ed0c7fadcd0522ce9deedec44489f852ec1a2c95b404cfec/dbus_fast-5.0.1-cp314-cp314-musllinux_1_2_riscv64.whl", hash = "sha256:6afe94f96f0e94bc33f48a0defd2497cbad9db5a7b7449344f2f729f5b11113c", size = 827435, upload-time = "2026-05-20T13:51:22.294Z" },
    { url = "https://files.pythonhosted.org/packages/68/3f/59fc16e238db8353a7688d2a337e3c1ce9ab752c9d1f808652f60861b3ab/dbus_fast-5.0.1-cp314-cp314-musllinux_1_2_x86_64.whl", hash = "sha256:97747348a0741cfd3112a70c0fa77a3986e934da4c91bd03199b714f79f66a62", size = 855811, upload-time = "2026-05-20T13:51:24.399Z" },
    { url = "https://files.pythonhosted.org/packages/9c/81/df93158b05c0813a045a31c4e6e6251187d3114189e6ecca2f4574fde5a0/dbus_fast-5.0.1-cp314-cp314t-manylinux2014_aarch64.manylinux_2_17_aarch64.manylinux_2_28_aarch64.whl", hash = "sha256:1403ae1b9dd7aa9c0ea456cc757a122f57c3c716e440c9e5fc45df5f7a18c026", size = 1530449, upload-time = "2026-05-20T13:51:28.226Z" },
    { url = "https://files.pythonhosted.org/packages/fb/30/bd1974ad7ab70a21662c4e134e5ddfd79f0240ec2a2c939f3a614bc06a2a/dbus_fast-5.0.1-cp314-cp314t-manylinux2014_x86_64.manylinux_2_17_x86_64.manylinux_2_28_x86_64.whl", hash = "sha256:faa21016e67c047591f8206db26ed6a3c9cce30d1f1633fa89461ba8da4eaf61", size = 1605563, upload-time = "2026-05-20T13:51:30.445Z" },
    { url = "https://files.pythonhosted.org/packages/a7/e7/54c0615bd9fda2fb1237c462e3946dfb5b7f931d5ae5e0f689a96c2ffa65/dbus_fast-5.0.1-cp314-cp314t-manylinux_2_31_riscv64.manylinux_2_39_riscv64.whl", hash = "sha256:3f2b54f7718fe007f6ab7029143863cd492553e3c8c4cac62621f5e60db1946c", size = 821281, upload-time = "2026-05-20T13:51:32.37Z" },
    { url = "https://files.pythonhosted.org/packages/a0/19/bc5dfa1e457f91a85697a33bbd201ca79ddeef2b9587e08d213bb500bb31/dbus_fast-5.0.1-cp314-cp314t-musllinux_1_2_aarch64.whl", hash = "sha256:b603e88c7059f92a4f3ff1833cbfedfb7e7e5860ace5adac9af09f36eca5559b", size = 1546458, upload-time = "2026-05-20T13:51:34.194Z" },
    { url = "https://files.pythonhosted.org/packages/06/87/42f1273879b89bda328c42735e4addc54accd295a07b609d3e321e108f81/dbus_fast-5.0.1-cp314-cp314t-musllinux_1_2_riscv64.whl", hash = "sha256:c1a887f43c1c441bd9f579598e91b2a86fa17c39110f90fb008ceff87a10dfc3", size = 823552, upload-time = "2026-05-20T13:51:36.135Z" },
    { url = "https://files.pythonhosted.org/packages/af/e6/f0a357d8202c61164aedf69bb3187e75a149671bf66eef3b160a2b0ec11e/dbus_fast-5.0.1-cp314-cp314t-musllinux_1_2_x86_64.whl", hash = "sha256:5488f5bd6dc8c7f4881f1f91d01fc795056cfc4f2f687c1404ad3291d352a9cb", size = 1623983, upload-time = "2026-05-20T13:51:38.238Z" },
]

[[package]]
name = "obd-live-data"
version = "0.1.0"
source = { virtual = "." }
dependencies = [
    { name = "bleak" },
]

[package.dev-dependencies]
dev = [
    { name = "ruff" },
]

[package.metadata]
requires-dist = [{ name = "bleak", specifier = ">=3.0.2" }]

[package.metadata.requires-dev]
dev = [{ name = "ruff", specifier = ">=0.15.13" }]

[[package]]
name = "pyobjc-core"
version = "12.1"
source = { registry = "https://pypi.org/simple" }
sdist = { url = "https://files.pythonhosted.org/packages/b8/b6/d5612eb40be4fd5ef88c259339e6313f46ba67577a95d86c3470b951fce0/pyobjc_core-12.1.tar.gz", hash = "sha256:2bb3903f5387f72422145e1466b3ac3f7f0ef2e9960afa9bcd8961c5cbf8bd21", size = 1000532, upload-time = "2025-11-14T10:08:28.292Z" }
wheels = [
    { url = "https://files.pythonhosted.org/packages/25/98/9f4ed07162de69603144ff480be35cd021808faa7f730d082b92f7ebf2b5/pyobjc_core-12.1-cp314-cp314-macosx_10_15_universal2.whl", hash = "sha256:844515f5d86395b979d02152576e7dee9cc679acc0b32dc626ef5bda315eaa43", size = 670164, upload-time = "2025-11-14T09:34:37.458Z" },
    { url = "https://files.pythonhosted.org/packages/62/50/dc076965c96c7f0de25c0a32b7f8aa98133ed244deaeeacfc758783f1f30/pyobjc_core-12.1-cp314-cp314t-macosx_10_15_universal2.whl", hash = "sha256:453b191df1a4b80e756445b935491b974714456ae2cbae816840bd96f86db882", size = 712204, upload-time = "2025-11-14T09:35:24.148Z" },
]

[[package]]
name = "pyobjc-framework-cocoa"
version = "12.1"
source = { registry = "https://pypi.org/simple" }
dependencies = [
    { name = "pyobjc-core" },
]
sdist = { url = "https://files.pythonhosted.org/packages/02/a3/16ca9a15e77c061a9250afbae2eae26f2e1579eb8ca9462ae2d2c71e1169/pyobjc_framework_cocoa-12.1.tar.gz", hash = "sha256:5556c87db95711b985d5efdaaf01c917ddd41d148b1e52a0c66b1a2e2c5c1640", size = 2772191, upload-time = "2025-11-14T10:13:02.069Z" }
wheels = [
    { url = "https://files.pythonhosted.org/packages/59/bb/f777cc9e775fc7dae77b569254570fe46eb842516b3e4fe383ab49eab598/pyobjc_framework_cocoa-12.1-cp314-cp314-macosx_10_15_universal2.whl", hash = "sha256:03342a60fc0015bcdf9b93ac0b4f457d3938e9ef761b28df9564c91a14f0129a", size = 384932, upload-time = "2025-11-14T09:42:29.771Z" },
    { url = "https://files.pythonhosted.org/packages/58/27/b457b7b37089cad692c8aada90119162dfb4c4a16f513b79a8b2b022b33b/pyobjc_framework_cocoa-12.1-cp314-cp314t-macosx_10_15_universal2.whl", hash = "sha256:6ba1dc1bfa4da42d04e93d2363491275fb2e2be5c20790e561c8a9e09b8cf2cc", size = 388970, upload-time = "2025-11-14T09:42:53.964Z" },
]

[[package]]
name = "pyobjc-framework-corebluetooth"
version = "12.1"
source = { registry = "https://pypi.org/simple" }
dependencies = [
    { name = "pyobjc-core" },
    { name = "pyobjc-framework-cocoa" },
]
sdist = { url = "https://files.pythonhosted.org/packages/4b/25/d21d6cb3fd249c2c2aa96ee54279f40876a0c93e7161b3304bf21cbd0bfe/pyobjc_framework_corebluetooth-12.1.tar.gz", hash = "sha256:8060c1466d90bbb9100741a1091bb79975d9ba43911c9841599879fc45c2bbe0", size = 33157, upload-time = "2025-11-14T10:13:28.064Z" }
wheels = [
    { url = "https://files.pythonhosted.org/packages/2f/41/90640a4db62f0bf0611cf8a161129c798242116e2a6a44995668b017b106/pyobjc_framework_corebluetooth-12.1-cp314-cp314-macosx_10_15_universal2.whl", hash = "sha256:15ba5207ca626dffe57ccb7c1beaf01f93930159564211cb97d744eaf0d812aa", size = 13222, upload-time = "2025-11-14T09:44:14.345Z" },
    { url = "https://files.pythonhosted.org/packages/86/99/8ed2f0ca02b9abe204966142bd8c4501cf6da94234cc320c4c0562c467e8/pyobjc_framework_corebluetooth-12.1-cp314-cp314t-macosx_10_15_universal2.whl", hash = "sha256:e5385195bd365a49ce70e2fb29953681eefbe68a7b15ecc2493981d2fb4a02b1", size = 13408, upload-time = "2025-11-14T09:44:16.558Z" },
]

[[package]]
name = "pyobjc-framework-libdispatch"
version = "12.1"
source = { registry = "https://pypi.org/simple" }
dependencies = [
    { name = "pyobjc-core" },
    { name = "pyobjc-framework-cocoa" },
]
sdist = { url = "https://files.pythonhosted.org/packages/26/e8/75b6b9b3c88b37723c237e5a7600384ea2d84874548671139db02e76652b/pyobjc_framework_libdispatch-12.1.tar.gz", hash = "sha256:4035535b4fae1b5e976f3e0e38b6e3442ffea1b8aa178d0ca89faa9b8ecdea41", size = 38277, upload-time = "2025-11-14T10:16:46.235Z" }
wheels = [
    { url = "https://files.pythonhosted.org/packages/59/d8/7d60a70fc1a546c6cb482fe0595cb4bd1368d75c48d49e76d0bc6c0a2d0f/pyobjc_framework_libdispatch-12.1-cp314-cp314-macosx_10_15_universal2.whl", hash = "sha256:0ebfd9e4446ab6528126bff25cfb09e4213ddf992b3208978911cfd3152e45f5", size = 15693, upload-time = "2025-11-14T09:53:05.531Z" },
    { url = "https://files.pythonhosted.org/packages/99/32/15e08a0c4bb536303e1568e2ba5cae1ce39a2e026a03aea46173af4c7a2d/pyobjc_framework_libdispatch-12.1-cp314-cp314t-macosx_10_15_universal2.whl", hash = "sha256:23fc9915cba328216b6a736c7a48438a16213f16dfb467f69506300b95938cc7", size = 15976, upload-time = "2025-11-14T09:53:07.936Z" },
]

[[package]]
name = "ruff"
version = "0.15.13"
source = { registry = "https://pypi.org/simple" }
sdist = { url = "https://files.pythonhosted.org/packages/24/21/a7d5c126d5b557715ef81098f3db2fe20f622a039ff2e626af28d674ab80/ruff-0.15.13.tar.gz", hash = "sha256:f9d89f17f7ba7fb2ed42921f0df75da797a9a5d71bc39049e2c687cf2baf44b7", size = 4678180, upload-time = "2026-05-14T13:44:37.869Z" }
wheels = [
    { url = "https://files.pythonhosted.org/packages/c6/61/11d458dc6ac22504fd8e237b29dfd40504c7fbbcc8930402cfe51a8e63ed/ruff-0.15.13-py3-none-linux_armv6l.whl", hash = "sha256:444b580fc72fd6887e650acd3e575e18cdc79dbcf42fb4030b491057921f61f8", size = 10738279, upload-time = "2026-05-14T13:44:18.7Z" },
    { url = "https://files.pythonhosted.org/packages/86/ca/caa871ee7be718c45256fada4e16a218ee3e33f0c4a46b729a60a24912e6/ruff-0.15.13-py3-none-macosx_10_12_x86_64.whl", hash = "sha256:6590d009e7cb7ebf36f83dbdd44a3fa48a0994ff6f1cdc1b08006abe58f98dc7", size = 11124798, upload-time = "2026-05-14T13:44:06.427Z" },
    { url = "https://files.pythonhosted.org/packages/d3/19/43f5f2e568dddde567fc41f8471f9432c09563e19d3e617a48cfa52f8f0a/ruff-0.15.13-py3-none-macosx_11_0_arm64.whl", hash = "sha256:1c26d2f66163deeb6e08d8b39fbbe983ce3c71cea06a6d7591cfd1421793c629", size = 10460761, upload-time = "2026-05-14T13:44:04.375Z" },
    { url = "https://files.pythonhosted.org/packages/99/df/cf938cd6de3003178f03ad7c1ea2a6c099468c03a35037985070b37e76be/ruff-0.15.13-py3-none-manylinux_2_17_aarch64.manylinux2014_aarch64.whl", hash = "sha256:9dbd6f94b434f896308e4d57fb7bfde0d02b99f7a64b3bdab0fdfa6a864203a5", size = 10804451, upload-time = "2026-05-14T13:44:25.221Z" },
    { url = "https://files.pythonhosted.org/packages/c7/7d/5d0973129b154ded2225729169d7068f26b467760b146493fde138415f23/ruff-0.15.13-py3-none-manylinux_2_17_armv7l.manylinux2014_armv7l.whl", hash = "sha256:bf3259f3be4d181bda591da5db2571aed6853c6a048157756448020bc6c5cd22", size = 10534285, upload-time = "2026-05-14T13:44:08.888Z" },
    { url = "https://files.pythonhosted.org/packages/1f/e3/6b999bbc66cd51e5f073842bc2a3995e99c5e0e72e16b15e7261f7abf57a/ruff-0.15.13-py3-none-manylinux_2_17_i686.manylinux2014_i686.whl", hash = "sha256:ae9c17e5eb4430c154e76abc25d79a318190f5a997f38fb6b114416c5319ffc9", size = 11312063, upload-time = "2026-05-14T13:44:11.274Z" },
    { url = "https://files.pythonhosted.org/packages/af/5a/642639e9f5db04f1e97fbd6e091c6fd20725bdf072fb114d00eefb9e6eb8/ruff-0.15.13-py3-none-manylinux_2_17_ppc64le.manylinux2014_ppc64le.whl", hash = "sha256:2e2e39bff6c341f4b577a21b801326fab0b11847f48fcaa83f00a113c9b3cb55", size = 12183079, upload-time = "2026-05-14T13:44:01.634Z" },
    { url = "https://files.pythonhosted.org/packages/19/4c/7585735f6b53b0f12de13618b2f7d250a844f018822efc899df2e7b8295f/ruff-0.15.13-py3-none-manylinux_2_17_s390x.manylinux2014_s390x.whl", hash = "sha256:e8d9a8e08013542e94d3220bc5b62cc3e5ef87c5f74bff367d3fac14fab013e6", size = 11440833, upload-time = "2026-05-14T13:43:59.043Z" },
    { url = "https://files.pythonhosted.org/packages/e8/31/bf1a0803d077e679cfeee5f2f67290a0fa79c7385b5d9a8c17b9db2c48f0/ruff-0.15.13-py3-none-manylinux_2_17_x86_64.manylinux2014_x86_64.whl", hash = "sha256:cc411dfebe5eebe55ce041c6ae080eb7668955e866daa2fbb16692a784f1c4ca", size = 11434486, upload-time = "2026-05-14T13:44:27.761Z" },
    { url = "https://files.pythonhosted.org/packages/e1/4e/62c9b999875d4f14db80f277c030578f5e249c9852d65b7ac7ad0b43c041/ruff-0.15.13-py3-none-manylinux_2_31_riscv64.whl", hash = "sha256:768494eb08b9cee54e2fd27969966f74db5a57f6eaa7a90fcb3306af34dfc4bd", size = 11385189, upload-time = "2026-05-14T13:44:13.704Z" },
    { url = "https://files.pythonhosted.org/packages/fc/89/7e959047a104df3eb12863447c110140191fc5b6c4f379ea2e803fcdb0e4/ruff-0.15.13-py3-none-musllinux_1_2_aarch64.whl", hash = "sha256:fb75f9a3a7e42ffe117d734494e6c5e5cb3565d66e12612cb63d0e572a41a5b6", size = 10781380, upload-time = "2026-05-14T13:43:56.734Z" },
    { url = "https://files.pythonhosted.org/packages/ff/52/5fd18f3b88cab63e88aa11516b3b4e1e5f720e5c330f8dbe5c26210f41f8/ruff-0.15.13-py3-none-musllinux_1_2_armv7l.whl", hash = "sha256:8cb74dd33bb2f6613faf7fc03b660053b5ac4f80e706d5788c6335e2a8048d51", size = 10540605, upload-time = "2026-05-14T13:44:20.748Z" },
    { url = "https://files.pythonhosted.org/packages/e8/e0/9e35f338990d3e41a82875ff7053ffe97541dae81c9d02143177f381d572/ruff-0.15.13-py3-none-musllinux_1_2_i686.whl", hash = "sha256:7ef823f817fcd191dc934e984be9cf4094f808effa16f2542ad8e821ba02bbf2", size = 11036554, upload-time = "2026-05-14T13:44:16.256Z" },
    { url = "https://files.pythonhosted.org/packages/c2/13/070fb048c24080fba188f66371e2a92785be257ad02242066dc7255ac6e9/ruff-0.15.13-py3-none-musllinux_1_2_x86_64.whl", hash = "sha256:f345a13937bd7f09f6f5d19fa0721b0c103e00e7f62bc67089a8e5e037719e0b", size = 11528133, upload-time = "2026-05-14T13:44:22.808Z" },
    { url = "https://files.pythonhosted.org/packages/6b/8c/b1e1666aef7fc6555094d73ae6cd981701781ae85b97ceefc0eebd0b4668/ruff-0.15.13-py3-none-win32.whl", hash = "sha256:4044f94208b3b05ba0fc4a4abd0558cf4d6459bd18325eead7fd8cc66f909b41", size = 10721455, upload-time = "2026-05-14T13:44:35.697Z" },
    { url = "https://files.pythonhosted.org/packages/ab/a6/870a3e8a50590bb92be184ad928c2922f088b00d9dc5c5ec7b924ee08c22/ruff-0.15.13-py3-none-win_amd64.whl", hash = "sha256:7064884d442b7d477b4e7473d12da7f08851d2b1982763c5d3f388a19468a1a4", size = 11900409, upload-time = "2026-05-14T13:44:30.389Z" },
    { url = "https://files.pythonhosted.org/packages/9b/36/9c015cd052fca743dae8cb2aeb16b551444787467db42ceab0fc968865af/ruff-0.15.13-py3-none-win_arm64.whl", hash = "sha256:2471da9bd1068c8c064b5fd9c0c4b6dddffd6369cb1cd68b29993b1709ff1b21", size = 11179336, upload-time = "2026-05-14T13:44:33.026Z" },
]

[[package]]
name = "typing-extensions"
version = "4.15.0"
source = { registry = "https://pypi.org/simple" }
sdist = { url = "https://files.pythonhosted.org/packages/72/94/1a15dd82efb362ac84269196e94cf00f187f7ed21c242792a923cdb1c61f/typing_extensions-4.15.0.tar.gz", hash = "sha256:0cea48d173cc12fa28ecabc3b837ea3cf6f38c6d1136f85cbaaf598984861466", size = 109391, upload-time = "2025-08-25T13:49:26.313Z" }
wheels = [
    { url = "https://files.pythonhosted.org/packages/18/67/36e9267722cc04a6b9f15c7f3441c2363321a3ea07da7ae0c0707beb2a9c/typing_extensions-4.15.0-py3-none-any.whl", hash = "sha256:f0fa19c6845758ab08074a0cfa8b7aecb71c999ca73d62883bc25cc018c4e548", size = 44614, upload-time = "2025-08-25T13:49:24.86Z" },
]

[[package]]
name = "winrt-runtime"
version = "3.2.1"
source = { registry = "https://pypi.org/simple" }
dependencies = [
    { name = "typing-extensions" },
]
sdist = { url = "https://files.pythonhosted.org/packages/16/dd/acdd527c1d890c8f852cc2af644aa6c160974e66631289420aa871b05e65/winrt_runtime-3.2.1.tar.gz", hash = "sha256:c8dca19e12b234ae6c3dadf1a4d0761b51e708457492c13beb666556958801ea", size = 21721, upload-time = "2025-06-06T14:40:27.593Z" }
wheels = [
    { url = "https://files.pythonhosted.org/packages/c8/87/88bd98419a9da77a68e030593fee41702925a7ad8a8aec366945258cbb31/winrt_runtime-3.2.1-cp314-cp314-win32.whl", hash = "sha256:9b6298375468ac2f6815d0c008a059fc16508c8f587e824c7936ed9216480dad", size = 210257, upload-time = "2025-09-20T07:06:41.054Z" },
    { url = "https://files.pythonhosted.org/packages/87/85/e5c2a10d287edd9d3ee8dc24bf7d7f335636b92bf47119768b7dd2fd1669/winrt_runtime-3.2.1-cp314-cp314-win_amd64.whl", hash = "sha256:e36e587ab5fd681ee472cd9a5995743f75107a1a84d749c64f7e490bc86bc814", size = 241873, upload-time = "2025-09-20T07:06:42.059Z" },
    { url = "https://files.pythonhosted.org/packages/52/2a/eb9e78397132175f70dd51dfa4f93e489c17d6b313ae9dce60369b8d84a7/winrt_runtime-3.2.1-cp314-cp314-win_arm64.whl", hash = "sha256:35d6241a2ebd5598e4788e69768b8890ee1eee401a819865767a1fbdd3e9a650", size = 416222, upload-time = "2025-09-20T07:06:43.376Z" },
]

[[package]]
name = "winrt-windows-devices-bluetooth"
version = "3.2.1"
source = { registry = "https://pypi.org/simple" }
dependencies = [
    { name = "winrt-runtime" },
]
sdist = { url = "https://files.pythonhosted.org/packages/b2/a0/1c8a0c469abba7112265c6cb52f0090d08a67c103639aee71fc690e614b8/winrt_windows_devices_bluetooth-3.2.1.tar.gz", hash = "sha256:db496d2d92742006d5a052468fc355bf7bb49e795341d695c374746113d74505", size = 23732, upload-time = "2025-06-06T14:41:20.489Z" }
wheels = [
    { url = "https://files.pythonhosted.org/packages/b7/95/91cfdf941a1ba791708ab3477fc4e46793c8fe9117fc3e0a8c5ac5d7a09c/winrt_windows_devices_bluetooth-3.2.1-cp314-cp314-win32.whl", hash = "sha256:de36ded53ca3ba12fc6dd4deb14b779acc391447726543815df4800348aad63a", size = 109015, upload-time = "2025-09-20T07:09:51.067Z" },
    { url = "https://files.pythonhosted.org/packages/61/fa/7460655628d0f340a93524f5236bb9f8514eb0e1d334b38cba8a89f6c1a6/winrt_windows_devices_bluetooth-3.2.1-cp314-cp314-win_amd64.whl", hash = "sha256:3295d932cc93259d5ccb23a41e3a3af4c78ce5d6a6223b2b7638985f604fa34c", size = 115931, upload-time = "2025-09-20T07:09:51.922Z" },
    { url = "https://files.pythonhosted.org/packages/de/70/e1248dea2ab881eb76b61ff1ad6cb9c07ac005faf99349e4af0b29bc3f1b/winrt_windows_devices_bluetooth-3.2.1-cp314-cp314-win_arm64.whl", hash = "sha256:1f61c178766a1bbce0669f44790c6161ff4669404c477b4aedaa576348f9e102", size = 109561, upload-time = "2025-09-20T07:09:52.733Z" },
]

[[package]]
name = "winrt-windows-devices-bluetooth-advertisement"
version = "3.2.1"
source = { registry = "https://pypi.org/simple" }
dependencies = [
    { name = "winrt-runtime" },
]
sdist = { url = "https://files.pythonhosted.org/packages/06/fc/7ffe66ca4109b9e994b27c00f3d2d506e6e549e268791f755287ad9106d8/winrt_windows_devices_bluetooth_advertisement-3.2.1.tar.gz", hash = "sha256:0223852a7b7fa5c8dea3c6a93473bd783df4439b1ed938d9871f947933e574cc", size = 16906, upload-time = "2025-06-06T14:41:21.448Z" }
wheels = [
    { url = "https://files.pythonhosted.org/packages/27/3d/421d04a20037370baf13de929bc1dc5438b306a76fe17275ec5d893aae6c/winrt_windows_devices_bluetooth_advertisement-3.2.1-cp314-cp314-win32.whl", hash = "sha256:2985565c265b3f9eab625361b0e40e88c94b03d89f5171f36146f2e88b3ee214", size = 92264, upload-time = "2025-09-20T07:09:53.563Z" },
    { url = "https://files.pythonhosted.org/packages/07/c7/43601ab82fe42bcff430b8466d84d92b31be06cc45c7fd64e9aac40f7851/winrt_windows_devices_bluetooth_advertisement-3.2.1-cp314-cp314-win_amd64.whl", hash = "sha256:d102f3fac64fde32332e370969dfbc6f37b405d8cc055d9da30d14d07449a3c2", size = 97517, upload-time = "2025-09-20T07:09:54.411Z" },
    { url = "https://files.pythonhosted.org/packages/91/17/e3303f6a25a2d98e424b06580fc85bbfd068f383424c67fa47cb1b357a46/winrt_windows_devices_bluetooth_advertisement-3.2.1-cp314-cp314-win_arm64.whl", hash = "sha256:ffeb5e946cd42c32c6999a62e240d6730c653cdfb7b49c7839afba375e20a62a", size = 94122, upload-time = "2025-09-20T07:09:55.187Z" },
]

[[package]]
name = "winrt-windows-devices-bluetooth-genericattributeprofile"
version = "3.2.1"
source = { registry = "https://pypi.org/simple" }
dependencies = [
    { name = "winrt-runtime" },
]
sdist = { url = "https://files.pythonhosted.org/packages/44/21/aeeddc0eccdfbd25e543360b5cc093233e2eab3cdfb53ad3cabae1b5d04d/winrt_windows_devices_bluetooth_genericattributeprofile-3.2.1.tar.gz", hash = "sha256:cdf6ddc375e9150d040aca67f5a17c41ceaf13a63f3668f96608bc1d045dde71", size = 38896, upload-time = "2025-06-06T14:41:22.687Z" }
wheels = [
    { url = "https://files.pythonhosted.org/packages/b7/32/cb447ca7730a1e05730272309b074da6a04af29a8c0f5121014db8a2fc02/winrt_windows_devices_bluetooth_genericattributeprofile-3.2.1-cp314-cp314-win32.whl", hash = "sha256:d5f83739ca370f0baf52b0400aebd6240ab80150081fbfba60fd6e7b2e7b4c5f", size = 185249, upload-time = "2025-09-20T07:09:58.639Z" },
    { url = "https://files.pythonhosted.org/packages/bb/fa/f465d5d44dda166bf7ec64b7a950f57eca61f165bfe18345e9a5ea542def/winrt_windows_devices_bluetooth_genericattributeprofile-3.2.1-cp314-cp314-win_amd64.whl", hash = "sha256:13786a5853a933de140d456cd818696e1121c7c296ae7b7af262fc5d2cffb851", size = 193739, upload-time = "2025-09-20T07:09:59.893Z" },
    { url = "https://files.pythonhosted.org/packages/78/08/51c53ac3c704cd92da5ed7e7b9b57159052f6e46744e4f7e447ed708aa22/winrt_windows_devices_bluetooth_genericattributeprofile-3.2.1-cp314-cp314-win_arm64.whl", hash = "sha256:5140682da2860f6a55eb6faf9e980724dc457c2e4b4b35a10e1cebd8fc97d892", size = 194836, upload-time = "2025-09-20T07:10:00.87Z" },
]

[[package]]
name = "winrt-windows-devices-enumeration"
version = "3.2.1"
source = { registry = "https://pypi.org/simple" }
dependencies = [
    { name = "winrt-runtime" },
]
sdist = { url = "https://files.pythonhosted.org/packages/9e/dd/75835bfbd063dffa152109727dedbd80f6e92ea284855f7855d48cdf31c9/winrt_windows_devices_enumeration-3.2.1.tar.gz", hash = "sha256:df316899e39bfc0ffc1f3cb0f5ee54d04e1d167fbbcc1484d2d5121449a935cf", size = 23538, upload-time = "2025-06-06T14:41:26.787Z" }
wheels = [
    { url = "https://files.pythonhosted.org/packages/41/31/5785cd1ec54dc0f0e6f3e6a466d07a62b8014a6e2b782e80444ef87e83ab/winrt_windows_devices_enumeration-3.2.1-cp314-cp314-win32.whl", hash = "sha256:e087364273ed7c717cd0191fed4be9def6fdf229fe9b536a4b8d0228f7814106", size = 134252, upload-time = "2025-09-20T07:10:12.935Z" },
    { url = "https://files.pythonhosted.org/packages/cb/f6/68d91068048410f49794c0b19c45759c63ca559607068cfe5affba2f211b/winrt_windows_devices_enumeration-3.2.1-cp314-cp314-win_amd64.whl", hash = "sha256:0da1ddb8285d97a6775c36265d7157acf1bbcb88bcc9a7ce9a4549906c822472", size = 145509, upload-time = "2025-09-20T07:10:13.797Z" },
    { url = "https://files.pythonhosted.org/packages/5c/a4/898951d5bfc474aa9c7d133fe30870f0f2184f4ba3027eafb779d30eb7bc/winrt_windows_devices_enumeration-3.2.1-cp314-cp314-win_arm64.whl", hash = "sha256:09bf07e74e897e97a49a9275d0a647819254ddb74142806bbbcf4777ed240a22", size = 141334, upload-time = "2025-09-20T07:10:14.637Z" },
]

[[package]]
name = "winrt-windows-devices-radios"
version = "3.2.1"
source = { registry = "https://pypi.org/simple" }
dependencies = [
    { name = "winrt-runtime" },
]
sdist = { url = "https://files.pythonhosted.org/packages/5e/02/9704ea359ad8b0d6faa1011f98fb477e8fb6eac5201f39d19e73c2407e7b/winrt_windows_devices_radios-3.2.1.tar.gz", hash = "sha256:4dc9b9d1501846049eb79428d64ec698d6476c27a357999b78a8331072e18a0b", size = 5908, upload-time = "2025-06-06T14:41:44.868Z" }
wheels = [
    { url = "https://files.pythonhosted.org/packages/76/79/4627afae6b389ddd1e5f1d691663c6b14d6c8f98959082aed1217cc57ef9/winrt_windows_devices_radios-3.2.1-cp314-cp314-win32.whl", hash = "sha256:21452e1cae50e44cd1d5e78159e1b9986ac3389b66458ad89caa196ce5eca2d6", size = 39521, upload-time = "2025-09-20T07:11:17.992Z" },
    { url = "https://files.pythonhosted.org/packages/a7/7c/c6aea91908ee7279ed51d12157bc8aeecb8850af2441073c3c91b261ad31/winrt_windows_devices_radios-3.2.1-cp314-cp314-win_amd64.whl", hash = "sha256:6a8413e586fe597c6849607885cca7e0549da33ae5699165d11f7911534c6eaf", size = 41121, upload-time = "2025-09-20T07:11:18.747Z" },
    { url = "https://files.pythonhosted.org/packages/86/c5/652f14e3c501452ad8e0723518d9bbd729219b47f4a4dbe2966c2f82dca8/winrt_windows_devices_radios-3.2.1-cp314-cp314-win_arm64.whl", hash = "sha256:39129fd9d09103adb003575f59881c1a5a70a43310547850150b46c6f4020312", size = 38114, upload-time = "2025-09-20T07:11:19.599Z" },
]

[[package]]
name = "winrt-windows-foundation"
version = "3.2.1"
source = { registry = "https://pypi.org/simple" }
dependencies = [
    { name = "winrt-runtime" },
]
sdist = { url = "https://files.pythonhosted.org/packages/0c/55/098ce7ea0679efcc1298b269c48768f010b6c68f90c588f654ec874c8a74/winrt_windows_foundation-3.2.1.tar.gz", hash = "sha256:ad2f1fcaa6c34672df45527d7c533731fdf65b67c4638c2b4aca949f6eec0656", size = 30485, upload-time = "2025-06-06T14:41:53.344Z" }
wheels = [
    { url = "https://files.pythonhosted.org/packages/e3/0a/d77346e39fe0c81f718cde49f83fe77c368c0e14c6418f72dfa1e7ef22d0/winrt_windows_foundation-3.2.1-cp314-cp314-win32.whl", hash = "sha256:35e973ab3c77c2a943e139302256c040e017fd6ff1a75911c102964603bba1da", size = 114590, upload-time = "2025-09-20T07:11:49.97Z" },
    { url = "https://files.pythonhosted.org/packages/a1/56/4d2b545bea0f34f68df6d4d4ca22950ff8a935497811dccdc0ca58737a05/winrt_windows_foundation-3.2.1-cp314-cp314-win_amd64.whl", hash = "sha256:a22a7ebcec0d262e60119cff728f32962a02df60471ded8b2735a655eccc0ef5", size = 122148, upload-time = "2025-09-20T07:11:50.826Z" },
    { url = "https://files.pythonhosted.org/packages/ed/ed/b9d3a11cac73444c0a3703200161cd7267dab5ab85fd00e1f965526e74a8/winrt_windows_foundation-3.2.1-cp314-cp314-win_arm64.whl", hash = "sha256:3be7fbae829b98a6a946db4fbaf356b11db1fbcbb5d4f37e7a73ac6b25de8b87", size = 114360, upload-time = "2025-09-20T07:11:51.626Z" },
]

[[package]]
name = "winrt-windows-foundation-collections"
version = "3.2.1"
source = { registry = "https://pypi.org/simple" }
dependencies = [
    { name = "winrt-runtime" },
]
sdist = { url = "https://files.pythonhosted.org/packages/ef/62/d21e3f1eeb8d47077887bbf0c3882c49277a84d8f98f7c12bda64d498a07/winrt_windows_foundation_collections-3.2.1.tar.gz", hash = "sha256:0eff1ad0d8d763ad17e9e7bbd0c26a62b27215016393c05b09b046d6503ae6d5", size = 16043, upload-time = "2025-06-06T14:41:53.983Z" }
wheels = [
    { url = "https://files.pythonhosted.org/packages/e1/47/b3301d964422d4611c181348149a7c5956a2a76e6339de451a000d4ae8e7/winrt_windows_foundation_collections-3.2.1-cp314-cp314-win32.whl", hash = "sha256:33188ed2d63e844c8adfbb82d1d3d461d64aaf78d225ce9c5930421b413c45ab", size = 62211, upload-time = "2025-09-20T07:11:52.411Z" },
    { url = "https://files.pythonhosted.org/packages/20/59/5f2c940ff606297129e93ebd6030c813e6a43a786de7fc33ccb268e0b06b/winrt_windows_foundation_collections-3.2.1-cp314-cp314-win_amd64.whl", hash = "sha256:d4cfece7e9c0ead2941e55a1da82f20d2b9c8003bb7a8853bb7f999b539f80a4", size = 70399, upload-time = "2025-09-20T07:11:53.254Z" },
    { url = "https://files.pythonhosted.org/packages/f8/2d/2c8eb89062c71d4be73d618457ed68e7e2ba29a660ac26349d44fc121cbf/winrt_windows_foundation_collections-3.2.1-cp314-cp314-win_arm64.whl", hash = "sha256:3884146fea13727510458f6a14040b7632d5d90127028b9bfd503c6c655d0c01", size = 61392, upload-time = "2025-09-20T07:11:53.993Z" },
]

[[package]]
name = "winrt-windows-storage-streams"
version = "3.2.1"
source = { registry = "https://pypi.org/simple" }
dependencies = [
    { name = "winrt-runtime" },
]
sdist = { url = "https://files.pythonhosted.org/packages/00/50/f4488b07281566e3850fcae1021f0285c9653992f60a915e15567047db63/winrt_windows_storage_streams-3.2.1.tar.gz", hash = "sha256:476f522722751eb0b571bc7802d85a82a3cae8b1cce66061e6e758f525e7b80f", size = 34335, upload-time = "2025-06-06T14:43:23.905Z" }
wheels = [
    { url = "https://files.pythonhosted.org/packages/55/70/2869ea2112c565caace73c9301afd1d7afcc49bdd37fac058f0178ba95d4/winrt_windows_storage_streams-3.2.1-cp314-cp314-win32.whl", hash = "sha256:5cd0dbad86fcc860366f6515fce97177b7eaa7069da261057be4813819ba37ee", size = 131701, upload-time = "2025-09-20T07:17:16.849Z" },
    { url = "https://files.pythonhosted.org/packages/f4/3d/aae50b1d0e37b5a61055759aedd42c6c99d7c17ab8c3e568ab33c0288938/winrt_windows_storage_streams-3.2.1-cp314-cp314-win_amd64.whl", hash = "sha256:3c5bf41d725369b9986e6d64bad7079372b95c329897d684f955d7028c7f27a0", size = 135566, upload-time = "2025-09-20T07:17:17.69Z" },
    { url = "https://files.pythonhosted.org/packages/bb/c3/6d3ce7a58e6c828e0795c9db8790d0593dd7fdf296e513c999150deb98d4/winrt_windows_storage_streams-3.2.1-cp314-cp314-win_arm64.whl", hash = "sha256:293e09825559d0929bbe5de01e1e115f7a6283d8996ab55652e5af365f032987", size = 134393, upload-time = "2025-09-20T07:17:18.802Z" },
]
